
Microsoft Visual Studio Solution File, Format Version 12.00
# Visual Studio Version 16
VisualStudioVersion = 16.0.30907.101
MinimumVisualStudioVersion = 10.0.40219.1
Project("{FAE04EC0-301F-11D3-BF4B-00C04F79EFBC}") = "DatingApp", "DatingApp.csproj", "{703645A1-BB3D-4056-94BB-03526D62AE15}"
EndProject
Global
	GlobalSection(SolutionConfigurationPlatforms) = preSolution
		Debug|Any CPU = Debug|Any CPU
		Release|Any CPU = Release|Any CPU
	EndGlobalSection
	GlobalSection(ProjectConfigurationPlatforms) = postSolution
		{703645A1-BB3D-4056-94BB-03526D62AE15}.Debug|Any CPU.ActiveCfg = Debug|Any CPU
		{703645A1-BB3D-4056-94BB-03526D62AE15}.Debug|Any CPU.Build.0 = Debug|Any CPU
		{703645A1-BB3D-4056-94BB-03526D62AE15}.Release|Any CPU.ActiveCfg = Release|Any CPU
		{703645A1-BB3D-4056-94BB-03526D62AE15}.Release|Any CPU.Build.0 = Release|Any CPU
	EndGlobalSection
	GlobalSection(SolutionProperties) = preSolution
		HideSolutionNode = FALSE
	EndGlobalSection
	GlobalSection(ExtensibilityGlobals) = postSolution
		SolutionGuid = {F7C7F398-8113-4F24-842C-00451A7871B4}
	EndGlobalSection
EndGlobal
